// !$*UTF8*$!
{
	archiveVersion = 1;
	classes = {
	};
	objectVersion = 46;
	objects = {

/* Begin PBXBuildFile section */
		48C7A8891B96A18C00F77596 /* PKProtocolExtension.m in Sources */ = {isa = PBXBuildFile; fileRef = 48C7A8851B969F5D00F77596 /* PKProtocolExtension.m */; };
		48E205AC1B6295F2009F6B0D /* main.m in Sources */ = {isa = PBXBuildFile; fileRef = 48E205AB1B6295F2009F6B0D /* main.m */; };
/* End PBXBuildFile section */

/* Begin PBXCopyFilesBuildPhase section */
		48E205A61B6295F2009F6B0D /* CopyFiles */ = {
			isa = PBXCopyFilesBuildPhase;
			buildActionMask = 2147483647;
			dstPath = /usr/share/man/man1/;
			dstSubfolderSpec = 0;
			files = (
			);
			runOnlyForDeploymentPostprocessing = 1;
		};
/* End PBXCopyFilesBuildPhase section */

/* Begin PBXFileReference section */
		48C7A8841B969F5D00F77596 /* PKProtocolExtension.h */ = {isa = PBXFileReference; lastKnownFileType = sourcecode.c.h; path = PKProtocolExtension.h; sourceTree = "<group>"; };
		48C7A8851B969F5D00F77596 /* PKProtocolExtension.m */ = {isa = PBXFileReference; lastKnownFileType = sourcecode.c.objc; path = PKProtocolExtension.m; sourceTree = "<group>"; };
		48C7A8881B969F5D00F77596 /* ProtocolKit.h */ = {isa = PBXFileReference; lastKnownFileType = sourcecode.c.h; path = ProtocolKit.h; sourceTree = "<group>"; };
		48E205A81B6295F2009F6B0D /* ProtocolKit */ = {isa = PBXFileReference; explicitFileType = "compiled.mach-o.executable"; includeInIndex = 0; path = ProtocolKit; sourceTree = BUILT_PRODUCTS_DIR; };
		48E205AB1B6295F2009F6B0D /* main.m */ = {isa = PBXFileReference; lastKnownFileType = sourcecode.c.objc; path = main.m; sourceTree = "<group>"; };
/* End PBXFileReference section */

/* Begin PBXFrameworksBuildPhase section */
		48E205A51B6295F2009F6B0D /* Frameworks */ = {
			isa = PBXFrameworksBuildPhase;
			buildActionMask = 2147483647;
			files = (
			);
			runOnlyForDeploymentPostprocessing = 0;
		};
/* End PBXFrameworksBuildPhase section */

/* Begin PBXGroup section */
		48C7A8811B969F5D00F77596 /* Source */ = {
			isa = PBXGroup;
			children = (
				48C7A8841B969F5D00F77596 /* PKProtocolExtension.h */,
				48C7A8851B969F5D00F77596 /* PKProtocolExtension.m */,
				48C7A8881B969F5D00F77596 /* ProtocolKit.h */,
			);
			path = Source;
			sourceTree = "<group>";
		};
		48E2059F1B6295F2009F6B0D = {
			isa = PBXGroup;
			children = (
				48E205AA1B6295F2009F6B0D /* ProtocolKit */,
				48E205A91B6295F2009F6B0D /* Products */,
			);
			sourceTree = "<group>";
		};
		48E205A91B6295F2009F6B0D /* Products */ = {
			isa = PBXGroup;
			children = (
				48E205A81B6295F2009F6B0D /* ProtocolKit */,
			);
			name = Products;
			sourceTree = "<group>";
		};
		48E205AA1B6295F2009F6B0D /* ProtocolKit */ = {
			isa = PBXGroup;
			children = (
				48C7A8811B969F5D00F77596 /* Source */,
				48E205AB1B6295F2009F6B0D /* main.m */,
			);
			path = ProtocolKit;
			sourceTree = "<group>";
		};
/* End PBXGroup section */

/* Begin PBXNativeTarget section */
		48E205A71B6295F2009F6B0D /* ProtocolKit */ = {
			isa = PBXNativeTarget;
			buildConfigurationList = 48E205AF1B6295F2009F6B0D /* Build configuration list for PBXNativeTarget "ProtocolKit" */;
			buildPhases = (
				48E205A41B6295F2009F6B0D /* Sources */,
				48E205A51B6295F2009F6B0D /* Frameworks */,
				48E205A61B6295F2009F6B0D /* CopyFiles */,
			);
			buildRules = (
			);
			dependencies = (
			);
			name = ProtocolKit;
			productName = ProtocolKit;
			productReference = 48E205A81B6295F2009F6B0D /* ProtocolKit */;
			productType = "com.apple.product-type.tool";
		};
/* End PBXNativeTarget section */

/* Begin PBXProject section */
		48E205A01B6295F2009F6B0D /* Project object */ = {
			isa = PBXProject;
			attributes = {
				LastUpgradeCheck = 0640;
				ORGANIZATIONNAME = forkingdog;
				TargetAttributes = {
					48E205A71B6295F2009F6B0D = {
						CreatedOnToolsVersion = 6.4;
					};
				};
			};
			buildConfigurationList = 48E205A31B6295F2009F6B0D /* Build configuration list for PBXProject "ProtocolKit" */;
			compatibilityVersion = "Xcode 3.2";
			developmentRegion = English;
			hasScannedForEncodings = 0;
			knownRegions = (
				en,
			);
			mainGroup = 48E2059F1B6295F2009F6B0D;
			productRefGroup = 48E205A91B6295F2009F6B0D /* Products */;
			projectDirPath = "";
			projectRoot = "";
			targets = (
				48E205A71B6295F2009F6B0D /* ProtocolKit */,
			);
		};
/* End PBXProject section */

/* Begin PBXSourcesBuildPhase section */
		48E205A41B6295F2009F6B0D /* Sources */ = {
			isa = PBXSourcesBuildPhase;
			buildActionMask = 2147483647;
			files = (
				48C7A8891B96A18C00F77596 /* PKProtocolExtension.m in Sources */,
				48E205AC1B6295F2009F6B0D /* main.m in Sources */,
			);
			runOnlyForDeploymentPostprocessing = 0;
		};
/* End PBXSourcesBuildPhase section */

/* Begin XCBuildConfiguration section */
		48E205AD1B6295F2009F6B0D /* Debug */ = {
			isa = XCBuildConfiguration;
			buildSettings = {
				ALWAYS_SEARCH_USER_PATHS = NO;
				CLANG_CXX_LANGUAGE_STANDARD = "gnu++0x";
				CLANG_CXX_LIBRARY = "libc++";
				CLANG_ENABLE_MODULES = YES;
				CLANG_ENABLE_OBJC_ARC = YES;
				CLANG_WARN_BOOL_CONVERSION = YES;
				CLANG_WARN_CONSTANT_CONVERSION = YES;
				CLANG_WARN_DIRECT_OBJC_ISA_USAGE = YES_ERROR;
				CLANG_WARN_EMPTY_BODY = YES;
				CLANG_WARN_ENUM_CONVERSION = YES;
				CLANG_WARN_INT_CONVERSION = YES;
				CLANG_WARN_OBJC_ROOT_CLASS = YES_ERROR;
				CLANG_WARN_UNREACHABLE_CODE = YES;
				CLANG_WARN__DUPLICATE_METHOD_MATCH = YES;
				COPY_PHASE_STRIP = NO;
				DEBUG_INFORMATION_FORMAT = dwarf;
				ENABLE_STRICT_OBJC_MSGSEND = YES;
				GCC_C_LANGUAGE_STANDARD = gnu99;
				GCC_DYNAMIC_NO_PIC = NO;
				GCC_NO_COMMON_BLOCKS = YES;
				GCC_OPTIMIZATION_LEVEL = 0;
				GCC_PREPROCESSOR_DEFINITIONS = (
					"DEBUG=1",
					"$(inherited)",
				);
				GCC_SYMBOLS_PRIVATE_EXTERN = NO;
				GCC_WARN_64_TO_32_BIT_CONVERSION = YES;
				GCC_WARN_ABOUT_RETURN_TYPE = YES_ERROR;
				GCC_WARN_UNDECLARED_SELECTOR = YES;
				GCC_WARN_UNINITIALIZED_AUTOS = YES_AGGRESSIVE;
				GCC_WARN_UNUSED_FUNCTION = YES;
				GCC_WARN_UNUSED_VARIABLE = YES;
				MACOSX_DEPLOYMENT_TARGET = 10.10;
				MTL_ENABLE_DEBUG_INFO = YES;
				ONLY_ACTIVE_ARCH = YES;
				SDKROOT = macosx;
			};
			name = Debug;
		};
		48E205AE1B6295F2009F6B0D /* Release */ = {
			isa = XCBuildConfiguration;
			buildSettings = {
				ALWAYS_SEARCH_USER_PATHS = NO;
				CLANG_CXX_LANGUAGE_STANDARD = "gnu++0x";
				CLANG_CXX_LIBRARY = "libc++";
				CLANG_ENABLE_MODULES = YES;
				CLANG_ENABLE_OBJC_ARC = YES;
				CLANG_WARN_BOOL_CONVERSION = YES;
				CLANG_WARN_CONSTANT_CONVERSION = YES;
				CLANG_WARN_DIRECT_OBJC_ISA_USAGE = YES_ERROR;
				CLANG_WARN_EMPTY_BODY = YES;
				CLANG_WARN_ENUM_CONVERSION = YES;
				CLANG_WARN_INT_CONVERSION = YES;
				CLANG_WARN_OBJC_ROOT_CLASS = YES_ERROR;
				CLANG_WARN_UNREACHABLE_CODE = YES;
				CLANG_WARN__DUPLICATE_METHOD_MATCH = YES;
				COPY_PHASE_STRIP = NO;
				DEBUG_INFORMATION_FORMAT = "dwarf-with-dsym";
				ENABLE_NS_ASSERTIONS = NO;
				ENABLE_STRICT_OBJC_MSGSEND = YES;
				GCC_C_LANGUAGE_STANDARD = gnu99;
				GCC_NO_COMMON_BLOCKS = YES;
				GCC_WARN_64_TO_32_BIT_CONVERSION = YES;
				GCC_WARN_ABOUT_RETURN_TYPE = YES_ERROR;
				GCC_WARN_UNDECLARED_SELECTOR = YES;
				GCC_WARN_UNINITIALIZED_AUTOS = YES_AGGRESSIVE;
				GCC_WARN_UNUSED_FUNCTION = YES;
				GCC_WARN_UNUSED_VARIABLE = YES;
				MACOSX_DEPLOYMENT_TARGET = 10.10;
				MTL_ENABLE_DEBUG_INFO = NO;
				SDKROOT = macosx;
			};
			name = Release;
		};
		48E205B01B6295F2009F6B0D /* Debug */ = {
			isa = XCBuildConfiguration;
			buildSettings = {
				PRODUCT_NAME = "$(TARGET_NAME)";
			};
			name = Debug;
		};
		48E205B11B6295F2009F6B0D /* Release */ = {
			isa = XCBuildConfiguration;
			buildSettings = {
				PRODUCT_NAME = "$(TARGET_NAME)";
			};
			name = Release;
		};
/* End XCBuildConfiguration section */

/* Begin XCConfigurationList section */
		48E205A31B6295F2009F6B0D /* Build configuration list for PBXProject "ProtocolKit" */ = {
			isa = XCConfigurationList;
			buildConfigurations = (
				48E205AD1B6295F2009F6B0D /* Debug */,
				48E205AE1B6295F2009F6B0D /* Release */,
			);
			defaultConfigurationIsVisible = 0;
			defaultConfigurationName = Release;
		};
		48E205AF1B6295F2009F6B0D /* Build configuration list for PBXNativeTarget "ProtocolKit" */ = {
			isa = XCConfigurationList;
			buildConfigurations = (
				48E205B01B6295F2009F6B0D /* Debug */,
				48E205B11B6295F2009F6B0D /* Release */,
			);
			defaultConfigurationIsVisible = 0;
			defaultConfigurationName = Release;
		};
/* End XCConfigurationList section */
	};
	rootObject = 48E205A01B6295F2009F6B0D /* Project object */;
}
